{
  "object": {
    "pins": [
      {
        "package": "MoofFoundation",
        "repositoryURL": "https://github.com/moosefactory/MoofFoundation.git",
        "state": {
          "branch": "master",
          "revision": "72d0015cce3488116f907330397bc8c5c2bc0b94",
          "version": null
        }
      },
      {
        "package": "SwiftMIDI",
        "repositoryURL": "git@github.com:moosefactory/SwiftMIDI.git",
        "state": {
          "branch": "main",
          "revision": "9d6a5051c3478ab5a183e5db2599acd4d07e858f",
          "version": null
        }
      },
      {
        "package": "SwiftMidiCenter",
        "repositoryURL": "git@github.com:moosefactory/SwiftMidiCenter.git",
        "state": {
          "branch": "main",
          "revision": "79d271c6bc4aaa29750aa2b3d2f992bdb2c011b9",
          "version": null
        }
      }
    ]
  },
  "version": 1
}
